
Microsoft Visual Studio Solution File, Format Version 12.00
# Visual Studio Version 16
VisualStudioVersion = 16.0.31624.102
MinimumVisualStudioVersion = 10.0.40219.1
Project("{8BC9CEB8-8B4A-11D0-8D11-00A0C91BC942}") = "Workshop One", "Workshop One\Workshop One.vcxproj", "{87B7534A-ACF2-40C1-9B9B-D92707A5F423}"
EndProject
Project("{8BC9CEB8-8B4A-11D0-8D11-00A0C91BC942}") = "Workshop Two", "Workshop Two\Workshop Two.vcxproj", "{BE086C1F-FC4C-4CF8-BEB6-7B9F01C133E3}"
EndProject
Global
	GlobalSection(SolutionConfigurationPlatforms) = preSolution
		Debug|x64 = Debug|x64
		Debug|x86 = Debug|x86
		Release|x64 = Release|x64
		Release|x86 = Release|x86
	EndGlobalSection
	GlobalSection(ProjectConfigurationPlatforms) = postSolution
		{87B7534A-ACF2-40C1-9B9B-D92707A5F423}.Debug|x64.ActiveCfg = Debug|x64
		{87B7534A-ACF2-40C1-9B9B-D92707A5F423}.Debug|x64.Build.0 = Debug|x64
		{87B7534A-ACF2-40C1-9B9B-D92707A5F423}.Debug|x86.ActiveCfg = Debug|Win32
		{87B7534A-ACF2-40C1-9B9B-D92707A5F423}.Debug|x86.Build.0 = Debug|Win32
		{87B7534A-ACF2-40C1-9B9B-D92707A5F423}.Release|x64.ActiveCfg = Release|x64
		{87B7534A-ACF2-40C1-9B9B-D92707A5F423}.Release|x64.Build.0 = Release|x64
		{87B7534A-ACF2-40C1-9B9B-D92707A5F423}.Release|x86.ActiveCfg = Release|Win32
		{87B7534A-ACF2-40C1-9B9B-D92707A5F423}.Release|x86.Build.0 = Release|Win32
		{BE086C1F-FC4C-4CF8-BEB6-7B9F01C133E3}.Debug|x64.ActiveCfg = Debug|x64
		{BE086C1F-FC4C-4CF8-BEB6-7B9F01C133E3}.Debug|x64.Build.0 = Debug|x64
		{BE086C1F-FC4C-4CF8-BEB6-7B9F01C133E3}.Debug|x86.ActiveCfg = Debug|Win32
		{BE086C1F-FC4C-4CF8-BEB6-7B9F01C133E3}.Debug|x86.Build.0 = Debug|Win32
		{BE086C1F-FC4C-4CF8-BEB6-7B9F01C133E3}.Release|x64.ActiveCfg = Release|x64
		{BE086C1F-FC4C-4CF8-BEB6-7B9F01C133E3}.Release|x64.Build.0 = Release|x64
		{BE086C1F-FC4C-4CF8-BEB6-7B9F01C133E3}.Release|x86.ActiveCfg = Release|Win32
		{BE086C1F-FC4C-4CF8-BEB6-7B9F01C133E3}.Release|x86.Build.0 = Release|Win32
	EndGlobalSection
	GlobalSection(SolutionProperties) = preSolution
		HideSolutionNode = FALSE
	EndGlobalSection
	GlobalSection(ExtensibilityGlobals) = postSolution
		SolutionGuid = {F7CDAF97-E694-4FAE-9FEC-B951D3671B48}
	EndGlobalSection
EndGlobal
